Microsoft Visual Studio Solution File, Format Version 12.00
# Visual Studio Version 17
VisualStudioVersion = 17.5.2.0
MinimumVisualStudioVersion = 10.0.40219.1
Project("{FAE04EC0-301F-11D3-BF4B-00C04F79EFBC}") = "ProjectService", "ProjectService\ProjectService.csproj", "{E68BB0E6-2D43-7C37-11DF-B22773801F79}"
EndProject
Global
	GlobalSection(SolutionConfigurationPlatforms) = preSolution
		Debug|Any CPU = Debug|Any CPU
		Release|Any CPU = Release|Any CPU
	EndGlobalSection
	GlobalSection(ProjectConfigurationPlatforms) = postSolution
		{E68BB0E6-2D43-7C37-11DF-B22773801F79}.Debug|Any CPU.ActiveCfg = Debug|Any CPU
		{E68BB0E6-2D43-7C37-11DF-B22773801F79}.Debug|Any CPU.Build.0 = Debug|Any CPU
		{E68BB0E6-2D43-7C37-11DF-B22773801F79}.Release|Any CPU.ActiveCfg = Release|Any CPU
		{E68BB0E6-2D43-7C37-11DF-B22773801F79}.Release|Any CPU.Build.0 = Release|Any CPU
	EndGlobalSection
	GlobalSection(SolutionProperties) = preSolution
		HideSolutionNode = FALSE
	EndGlobalSection
	GlobalSection(ExtensibilityGlobals) = postSolution
		SolutionGuid = {41D13BEE-43F3-427B-AAA8-BA4F699797E4}
	EndGlobalSection
EndGlobal
