
Microsoft Visual Studio Solution File, Format Version 12.00
# Visual Studio Version 17
VisualStudioVersion = 17.0.31903.59
MinimumVisualStudioVersion = 10.0.40219.1
Project("{2150E333-8FDC-42A3-9474-1A3956D46DE8}") = "Backend", "Backend", "{A1B2C3D4-E5F6-7890-ABCD-EF1234567890}"
EndProject
Project("{2150E333-8FDC-42A3-9474-1A3956D46DE8}") = "services", "services", "{B2C3D4E5-F6A7-8901-BCDE-F12345678901}"
EndProject
Project("{FAE04EC0-301F-11D3-BF4B-00C04F79EFBC}") = "ProjectService.API", "Backend\services\ProjectService\ProjectService.API\ProjectService.API.csproj", "{C3D4E5F6-A7B8-9012-CDEF-123456789012}"
EndProject
Project("{FAE04EC0-301F-11D3-BF4B-00C04F79EFBC}") = "ProjectService.Application", "Backend\services\ProjectService\ProjectService.Application\ProjectService.Application.csproj", "{D4E5F6A7-B8C9-0123-DEF0-234567890123}"
EndProject
Project("{FAE04EC0-301F-11D3-BF4B-00C04F79EFBC}") = "ProjectService.Domain", "Backend\services\ProjectService\ProjectService.Domain\ProjectService.Domain.csproj", "{E5F6A7B8-C9D0-1234-EF01-345678901234}"
EndProject
Project("{FAE04EC0-301F-11D3-BF4B-00C04F79EFBC}") = "ProjectService.Infrastructure", "Backend\services\ProjectService\ProjectService.Infrastructure\ProjectService.Infrastructure.csproj", "{F6A7B8C9-D0E1-2345-F012-456789012345}"
EndProject
Project("{FAE04EC0-301F-11D3-BF4B-00C04F79EFBC}") = "Gateway", "Backend\gateway\Gateway.csproj", "{A7B8C9D0-E1F2-3456-0123-567890123456}"
EndProject
Project("{FAE04EC0-301F-11D3-BF4B-00C04F79EFBC}") = "SharedKernel", "Backend\shared\SharedKernel\SharedKernel.csproj", "{B8C9D0E1-F2A3-4567-1234-678901234567}"
EndProject
Project("{2150E333-8FDC-42A3-9474-1A3956D46DE8}") = "ClassService", "ClassService", "{0EBBE1F0-1601-D14B-72B2-749AF825F07C}"
EndProject
Project("{FAE04EC0-301F-11D3-BF4B-00C04F79EFBC}") = "ClassService.API", "Backend\services\ClassService\ClassService.API\ClassService.API.csproj", "{DA41244E-E142-4829-8113-A0C70CD5577E}"
EndProject
Project("{FAE04EC0-301F-11D3-BF4B-00C04F79EFBC}") = "ClassService.Application", "Backend\services\ClassService\ClassService.Application\ClassService.Application.csproj", "{2E20402F-A152-49A6-937D-D6BF1D00FA19}"
EndProject
Project("{FAE04EC0-301F-11D3-BF4B-00C04F79EFBC}") = "ClassService.Domain", "Backend\services\ClassService\ClassService.Domain\ClassService.Domain.csproj", "{98CD4485-E6C6-48FE-B7C1-249778594B9A}"
EndProject
Project("{2150E333-8FDC-42A3-9474-1A3956D46DE8}") = "shared", "shared", "{9F2EC83D-BA77-5B9B-88E7-5B8CA622381D}"
EndProject
Project("{FAE04EC0-301F-11D3-BF4B-00C04F79EFBC}") = "ClassService.Infrastructure", "Backend\services\ClassService\ClassService.Infrastructure\ClassService.Infrastructure.csproj", "{03994CE8-3BB3-4287-8744-3E865F0F7EA3}"
EndProject
Project("{2150E333-8FDC-42A3-9474-1A3956D46DE8}") = "SubjectService", "SubjectService", "{B73CB08B-9262-B12A-E6A8-787A4EA261D8}"
EndProject
Project("{FAE04EC0-301F-11D3-BF4B-00C04F79EFBC}") = "SubjectService.API", "Backend\services\SubjectService\SubjectService.API\SubjectService.API.csproj", "{4BFFE546-9BBE-4C2F-859E-FD42329F2E81}"
EndProject
Project("{FAE04EC0-301F-11D3-BF4B-00C04F79EFBC}") = "SubjectService.Application", "Backend\services\SubjectService\SubjectService.Application\SubjectService.Application.csproj", "{4B2221BB-7445-4A0B-AE88-F4F682654513}"
EndProject
Project("{FAE04EC0-301F-11D3-BF4B-00C04F79EFBC}") = "SubjectService.Domain", "Backend\services\SubjectService\SubjectService.Domain\SubjectService.Domain.csproj", "{A38629E5-7357-49D7-B38F-5043EAF8D613}"
EndProject
Project("{FAE04EC0-301F-11D3-BF4B-00C04F79EFBC}") = "SubjectService.Infrastructure", "Backend\services\SubjectService\SubjectService.Infrastructure\SubjectService.Infrastructure.csproj", "{BF3A633A-3EC2-4A2E-91BD-E0B9443FF963}"
EndProject
Project("{2150E333-8FDC-42A3-9474-1A3956D46DE8}") = "EvaluationService", "EvaluationService", "{E1F2A3B4-C5D6-7890-ABCD-EF1234567890}"
EndProject
Project("{FAE04EC0-301F-11D3-BF4B-00C04F79EFBC}") = "EvaluationService.API", "Backend\services\EvaluationService\EvaluationService.API\EvaluationService.API.csproj", "{F2A3B4C5-D6E7-8901-BCDE-F12345678901}"
EndProject
Project("{FAE04EC0-301F-11D3-BF4B-00C04F79EFBC}") = "EvaluationService.Application", "Backend\services\EvaluationService\EvaluationService.Application\EvaluationService.Application.csproj", "{A3B4C5D6-E7F8-9012-CDEF-123456789012}"
EndProject
Project("{FAE04EC0-301F-11D3-BF4B-00C04F79EFBC}") = "EvaluationService.Domain", "Backend\services\EvaluationService\EvaluationService.Domain\EvaluationService.Domain.csproj", "{B4C5D6E7-F8A9-0123-DEF0-234567890123}"
EndProject
Project("{FAE04EC0-301F-11D3-BF4B-00C04F79EFBC}") = "EvaluationService.Infrastructure", "Backend\services\EvaluationService\EvaluationService.Infrastructure\EvaluationService.Infrastructure.csproj", "{C5D6E7F8-A9B0-1234-EF01-345678901234}"
EndProject
Project("{2150E333-8FDC-42A3-9474-1A3956D46DE8}") = "TeamService", "TeamService", "{D934797F-AC47-6FF5-E770-8ED3F4B9A288}"
EndProject
Project("{FAE04EC0-301F-11D3-BF4B-00C04F79EFBC}") = "TeamService.API", "Backend\services\TeamService\TeamService.API\TeamService.API.csproj", "{45145333-DE67-4289-98CD-D73960A1782B}"
EndProject
Project("{FAE04EC0-301F-11D3-BF4B-00C04F79EFBC}") = "TeamService.Application", "Backend\services\TeamService\TeamService.Application\TeamService.Application.csproj", "{3514BCA4-7516-4876-8D23-61130FCD481D}"
EndProject
Project("{FAE04EC0-301F-11D3-BF4B-00C04F79EFBC}") = "TeamService.Domain", "Backend\services\TeamService\TeamService.Domain\TeamService.Domain.csproj", "{4C2137DF-02EA-4AD7-988C-9E914EA4A810}"
EndProject
Project("{FAE04EC0-301F-11D3-BF4B-00C04F79EFBC}") = "TeamService.Infrastructure", "Backend\services\TeamService\TeamService.Infrastructure\TeamService.Infrastructure.csproj", "{E2EB7366-7847-4592-9F29-E62365FD6A60}"
EndProject
Global
	GlobalSection(SolutionConfigurationPlatforms) = preSolution
		Debug|Any CPU = Debug|Any CPU
		Debug|x64 = Debug|x64
		Debug|x86 = Debug|x86
		Release|Any CPU = Release|Any CPU
		Release|x64 = Release|x64
		Release|x86 = Release|x86
	EndGlobalSection
	GlobalSection(ProjectConfigurationPlatforms) = postSolution
		{C3D4E5F6-A7B8-9012-CDEF-123456789012}.Debug|Any CPU.ActiveCfg = Debug|Any CPU
		{C3D4E5F6-A7B8-9012-CDEF-123456789012}.Debug|Any CPU.Build.0 = Debug|Any CPU
		{C3D4E5F6-A7B8-9012-CDEF-123456789012}.Debug|x64.ActiveCfg = Debug|Any CPU
		{C3D4E5F6-A7B8-9012-CDEF-123456789012}.Debug|x64.Build.0 = Debug|Any CPU
		{C3D4E5F6-A7B8-9012-CDEF-123456789012}.Debug|x86.ActiveCfg = Debug|Any CPU
		{C3D4E5F6-A7B8-9012-CDEF-123456789012}.Debug|x86.Build.0 = Debug|Any CPU
		{C3D4E5F6-A7B8-9012-CDEF-123456789012}.Release|Any CPU.ActiveCfg = Release|Any CPU
		{C3D4E5F6-A7B8-9012-CDEF-123456789012}.Release|Any CPU.Build.0 = Release|Any CPU
		{C3D4E5F6-A7B8-9012-CDEF-123456789012}.Release|x64.ActiveCfg = Release|Any CPU
		{C3D4E5F6-A7B8-9012-CDEF-123456789012}.Release|x64.Build.0 = Release|Any CPU
		{C3D4E5F6-A7B8-9012-CDEF-123456789012}.Release|x86.ActiveCfg = Release|Any CPU
		{C3D4E5F6-A7B8-9012-CDEF-123456789012}.Release|x86.Build.0 = Release|Any CPU
		{D4E5F6A7-B8C9-0123-DEF0-234567890123}.Debug|Any CPU.ActiveCfg = Debug|Any CPU
		{D4E5F6A7-B8C9-0123-DEF0-234567890123}.Debug|Any CPU.Build.0 = Debug|Any CPU
		{D4E5F6A7-B8C9-0123-DEF0-234567890123}.Debug|x64.ActiveCfg = Debug|Any CPU
		{D4E5F6A7-B8C9-0123-DEF0-234567890123}.Debug|x64.Build.0 = Debug|Any CPU
		{D4E5F6A7-B8C9-0123-DEF0-234567890123}.Debug|x86.ActiveCfg = Debug|Any CPU
		{D4E5F6A7-B8C9-0123-DEF0-234567890123}.Debug|x86.Build.0 = Debug|Any CPU
		{D4E5F6A7-B8C9-0123-DEF0-234567890123}.Release|Any CPU.ActiveCfg = Release|Any CPU
		{D4E5F6A7-B8C9-0123-DEF0-234567890123}.Release|Any CPU.Build.0 = Release|Any CPU
		{D4E5F6A7-B8C9-0123-DEF0-234567890123}.Release|x64.ActiveCfg = Release|Any CPU
		{D4E5F6A7-B8C9-0123-DEF0-234567890123}.Release|x64.Build.0 = Release|Any CPU
		{D4E5F6A7-B8C9-0123-DEF0-234567890123}.Release|x86.ActiveCfg = Release|Any CPU
		{D4E5F6A7-B8C9-0123-DEF0-234567890123}.Release|x86.Build.0 = Release|Any CPU
		{E5F6A7B8-C9D0-1234-EF01-345678901234}.Debug|Any CPU.ActiveCfg = Debug|Any CPU
		{E5F6A7B8-C9D0-1234-EF01-345678901234}.Debug|Any CPU.Build.0 = Debug|Any CPU
		{E5F6A7B8-C9D0-1234-EF01-345678901234}.Debug|x64.ActiveCfg = Debug|Any CPU
		{E5F6A7B8-C9D0-1234-EF01-345678901234}.Debug|x64.Build.0 = Debug|Any CPU
		{E5F6A7B8-C9D0-1234-EF01-345678901234}.Debug|x86.ActiveCfg = Debug|Any CPU
		{E5F6A7B8-C9D0-1234-EF01-345678901234}.Debug|x86.Build.0 = Debug|Any CPU
		{E5F6A7B8-C9D0-1234-EF01-345678901234}.Release|Any CPU.ActiveCfg = Release|Any CPU
		{E5F6A7B8-C9D0-1234-EF01-345678901234}.Release|Any CPU.Build.0 = Release|Any CPU
		{E5F6A7B8-C9D0-1234-EF01-345678901234}.Release|x64.ActiveCfg = Release|Any CPU
		{E5F6A7B8-C9D0-1234-EF01-345678901234}.Release|x64.Build.0 = Release|Any CPU
		{E5F6A7B8-C9D0-1234-EF01-345678901234}.Release|x86.ActiveCfg = Release|Any CPU
		{E5F6A7B8-C9D0-1234-EF01-345678901234}.Release|x86.Build.0 = Release|Any CPU
		{F6A7B8C9-D0E1-2345-F012-456789012345}.Debug|Any CPU.ActiveCfg = Debug|Any CPU
		{F6A7B8C9-D0E1-2345-F012-456789012345}.Debug|Any CPU.Build.0 = Debug|Any CPU
		{F6A7B8C9-D0E1-2345-F012-456789012345}.Debug|x64.ActiveCfg = Debug|Any CPU
		{F6A7B8C9-D0E1-2345-F012-456789012345}.Debug|x64.Build.0 = Debug|Any CPU
		{F6A7B8C9-D0E1-2345-F012-456789012345}.Debug|x86.ActiveCfg = Debug|Any CPU
		{F6A7B8C9-D0E1-2345-F012-456789012345}.Debug|x86.Build.0 = Debug|Any CPU
		{F6A7B8C9-D0E1-2345-F012-456789012345}.Release|Any CPU.ActiveCfg = Release|Any CPU
		{F6A7B8C9-D0E1-2345-F012-456789012345}.Release|Any CPU.Build.0 = Release|Any CPU
		{F6A7B8C9-D0E1-2345-F012-456789012345}.Release|x64.ActiveCfg = Release|Any CPU
		{F6A7B8C9-D0E1-2345-F012-456789012345}.Release|x64.Build.0 = Release|Any CPU
		{F6A7B8C9-D0E1-2345-F012-456789012345}.Release|x86.ActiveCfg = Release|Any CPU
		{F6A7B8C9-D0E1-2345-F012-456789012345}.Release|x86.Build.0 = Release|Any CPU
		{A7B8C9D0-E1F2-3456-0123-567890123456}.Debug|Any CPU.ActiveCfg = Debug|Any CPU
		{A7B8C9D0-E1F2-3456-0123-567890123456}.Debug|Any CPU.Build.0 = Debug|Any CPU
		{A7B8C9D0-E1F2-3456-0123-567890123456}.Debug|x64.ActiveCfg = Debug|Any CPU
		{A7B8C9D0-E1F2-3456-0123-567890123456}.Debug|x64.Build.0 = Debug|Any CPU
		{A7B8C9D0-E1F2-3456-0123-567890123456}.Debug|x86.ActiveCfg = Debug|Any CPU
		{A7B8C9D0-E1F2-3456-0123-567890123456}.Debug|x86.Build.0 = Debug|Any CPU
		{A7B8C9D0-E1F2-3456-0123-567890123456}.Release|Any CPU.ActiveCfg = Release|Any CPU
		{A7B8C9D0-E1F2-3456-0123-567890123456}.Release|Any CPU.Build.0 = Release|Any CPU
		{A7B8C9D0-E1F2-3456-0123-567890123456}.Release|x64.ActiveCfg = Release|Any CPU
		{A7B8C9D0-E1F2-3456-0123-567890123456}.Release|x64.Build.0 = Release|Any CPU
		{A7B8C9D0-E1F2-3456-0123-567890123456}.Release|x86.ActiveCfg = Release|Any CPU
		{A7B8C9D0-E1F2-3456-0123-567890123456}.Release|x86.Build.0 = Release|Any CPU
		{B8C9D0E1-F2A3-4567-1234-678901234567}.Debug|Any CPU.ActiveCfg = Debug|Any CPU
		{B8C9D0E1-F2A3-4567-1234-678901234567}.Debug|Any CPU.Build.0 = Debug|Any CPU
		{B8C9D0E1-F2A3-4567-1234-678901234567}.Debug|x64.ActiveCfg = Debug|Any CPU
		{B8C9D0E1-F2A3-4567-1234-678901234567}.Debug|x64.Build.0 = Debug|Any CPU
		{B8C9D0E1-F2A3-4567-1234-678901234567}.Debug|x86.ActiveCfg = Debug|Any CPU
		{B8C9D0E1-F2A3-4567-1234-678901234567}.Debug|x86.Build.0 = Debug|Any CPU
		{B8C9D0E1-F2A3-4567-1234-678901234567}.Release|Any CPU.ActiveCfg = Release|Any CPU
		{B8C9D0E1-F2A3-4567-1234-678901234567}.Release|Any CPU.Build.0 = Release|Any CPU
		{B8C9D0E1-F2A3-4567-1234-678901234567}.Release|x64.ActiveCfg = Release|Any CPU
		{B8C9D0E1-F2A3-4567-1234-678901234567}.Release|x64.Build.0 = Release|Any CPU
		{B8C9D0E1-F2A3-4567-1234-678901234567}.Release|x86.ActiveCfg = Release|Any CPU
		{B8C9D0E1-F2A3-4567-1234-678901234567}.Release|x86.Build.0 = Release|Any CPU
		{DA41244E-E142-4829-8113-A0C70CD5577E}.Debug|Any CPU.ActiveCfg = Debug|Any CPU
		{DA41244E-E142-4829-8113-A0C70CD5577E}.Debug|Any CPU.Build.0 = Debug|Any CPU
		{DA41244E-E142-4829-8113-A0C70CD5577E}.Debug|x64.ActiveCfg = Debug|Any CPU
		{DA41244E-E142-4829-8113-A0C70CD5577E}.Debug|x64.Build.0 = Debug|Any CPU
		{DA41244E-E142-4829-8113-A0C70CD5577E}.Debug|x86.ActiveCfg = Debug|Any CPU
		{DA41244E-E142-4829-8113-A0C70CD5577E}.Debug|x86.Build.0 = Debug|Any CPU
		{DA41244E-E142-4829-8113-A0C70CD5577E}.Release|Any CPU.ActiveCfg = Release|Any CPU
		{DA41244E-E142-4829-8113-A0C70CD5577E}.Release|Any CPU.Build.0 = Release|Any CPU
		{DA41244E-E142-4829-8113-A0C70CD5577E}.Release|x64.ActiveCfg = Release|Any CPU
		{DA41244E-E142-4829-8113-A0C70CD5577E}.Release|x64.Build.0 = Release|Any CPU
		{DA41244E-E142-4829-8113-A0C70CD5577E}.Release|x86.ActiveCfg = Release|Any CPU
		{DA41244E-E142-4829-8113-A0C70CD5577E}.Release|x86.Build.0 = Release|Any CPU
		{2E20402F-A152-49A6-937D-D6BF1D00FA19}.Debug|Any CPU.ActiveCfg = Debug|Any CPU
		{2E20402F-A152-49A6-937D-D6BF1D00FA19}.Debug|Any CPU.Build.0 = Debug|Any CPU
		{2E20402F-A152-49A6-937D-D6BF1D00FA19}.Debug|x64.ActiveCfg = Debug|Any CPU
		{2E20402F-A152-49A6-937D-D6BF1D00FA19}.Debug|x64.Build.0 = Debug|Any CPU
		{2E20402F-A152-49A6-937D-D6BF1D00FA19}.Debug|x86.ActiveCfg = Debug|Any CPU
		{2E20402F-A152-49A6-937D-D6BF1D00FA19}.Debug|x86.Build.0 = Debug|Any CPU
		{2E20402F-A152-49A6-937D-D6BF1D00FA19}.Release|Any CPU.ActiveCfg = Release|Any CPU
		{2E20402F-A152-49A6-937D-D6BF1D00FA19}.Release|Any CPU.Build.0 = Release|Any CPU
		{2E20402F-A152-49A6-937D-D6BF1D00FA19}.Release|x64.ActiveCfg = Release|Any CPU
		{2E20402F-A152-49A6-937D-D6BF1D00FA19}.Release|x64.Build.0 = Release|Any CPU
		{2E20402F-A152-49A6-937D-D6BF1D00FA19}.Release|x86.ActiveCfg = Release|Any CPU
		{2E20402F-A152-49A6-937D-D6BF1D00FA19}.Release|x86.Build.0 = Release|Any CPU
		{98CD4485-E6C6-48FE-B7C1-249778594B9A}.Debug|Any CPU.ActiveCfg = Debug|Any CPU
		{98CD4485-E6C6-48FE-B7C1-249778594B9A}.Debug|Any CPU.Build.0 = Debug|Any CPU
		{98CD4485-E6C6-48FE-B7C1-249778594B9A}.Debug|x64.ActiveCfg = Debug|Any CPU
		{98CD4485-E6C6-48FE-B7C1-249778594B9A}.Debug|x64.Build.0 = Debug|Any CPU
		{98CD4485-E6C6-48FE-B7C1-249778594B9A}.Debug|x86.ActiveCfg = Debug|Any CPU
		{98CD4485-E6C6-48FE-B7C1-249778594B9A}.Debug|x86.Build.0 = Debug|Any CPU
		{98CD4485-E6C6-48FE-B7C1-249778594B9A}.Release|Any CPU.ActiveCfg = Release|Any CPU
		{98CD4485-E6C6-48FE-B7C1-249778594B9A}.Release|Any CPU.Build.0 = Release|Any CPU
		{98CD4485-E6C6-48FE-B7C1-249778594B9A}.Release|x64.ActiveCfg = Release|Any CPU
		{98CD4485-E6C6-48FE-B7C1-249778594B9A}.Release|x64.Build.0 = Release|Any CPU
		{98CD4485-E6C6-48FE-B7C1-249778594B9A}.Release|x86.ActiveCfg = Release|Any CPU
		{98CD4485-E6C6-48FE-B7C1-249778594B9A}.Release|x86.Build.0 = Release|Any CPU
		{03994CE8-3BB3-4287-8744-3E865F0F7EA3}.Debug|Any CPU.ActiveCfg = Debug|Any CPU
		{03994CE8-3BB3-4287-8744-3E865F0F7EA3}.Debug|Any CPU.Build.0 = Debug|Any CPU
		{03994CE8-3BB3-4287-8744-3E865F0F7EA3}.Debug|x64.ActiveCfg = Debug|Any CPU
		{03994CE8-3BB3-4287-8744-3E865F0F7EA3}.Debug|x64.Build.0 = Debug|Any CPU
		{03994CE8-3BB3-4287-8744-3E865F0F7EA3}.Debug|x86.ActiveCfg = Debug|Any CPU
		{03994CE8-3BB3-4287-8744-3E865F0F7EA3}.Debug|x86.Build.0 = Debug|Any CPU
		{03994CE8-3BB3-4287-8744-3E865F0F7EA3}.Release|Any CPU.ActiveCfg = Release|Any CPU
		{03994CE8-3BB3-4287-8744-3E865F0F7EA3}.Release|Any CPU.Build.0 = Release|Any CPU
		{03994CE8-3BB3-4287-8744-3E865F0F7EA3}.Release|x64.ActiveCfg = Release|Any CPU
		{03994CE8-3BB3-4287-8744-3E865F0F7EA3}.Release|x64.Build.0 = Release|Any CPU
		{03994CE8-3BB3-4287-8744-3E865F0F7EA3}.Release|x86.ActiveCfg = Release|Any CPU
		{03994CE8-3BB3-4287-8744-3E865F0F7EA3}.Release|x86.Build.0 = Release|Any CPU
		{4BFFE546-9BBE-4C2F-859E-FD42329F2E81}.Debug|Any CPU.ActiveCfg = Debug|Any CPU
		{4BFFE546-9BBE-4C2F-859E-FD42329F2E81}.Debug|Any CPU.Build.0 = Debug|Any CPU
		{4BFFE546-9BBE-4C2F-859E-FD42329F2E81}.Debug|x64.ActiveCfg = Debug|Any CPU
		{4BFFE546-9BBE-4C2F-859E-FD42329F2E81}.Debug|x64.Build.0 = Debug|Any CPU
		{4BFFE546-9BBE-4C2F-859E-FD42329F2E81}.Debug|x86.ActiveCfg = Debug|Any CPU
		{4BFFE546-9BBE-4C2F-859E-FD42329F2E81}.Debug|x86.Build.0 = Debug|Any CPU
		{4BFFE546-9BBE-4C2F-859E-FD42329F2E81}.Release|Any CPU.ActiveCfg = Release|Any CPU
		{4BFFE546-9BBE-4C2F-859E-FD42329F2E81}.Release|Any CPU.Build.0 = Release|Any CPU
		{4BFFE546-9BBE-4C2F-859E-FD42329F2E81}.Release|x64.ActiveCfg = Release|Any CPU
		{4BFFE546-9BBE-4C2F-859E-FD42329F2E81}.Release|x64.Build.0 = Release|Any CPU
		{4BFFE546-9BBE-4C2F-859E-FD42329F2E81}.Release|x86.ActiveCfg = Release|Any CPU
		{4BFFE546-9BBE-4C2F-859E-FD42329F2E81}.Release|x86.Build.0 = Release|Any CPU
		{4B2221BB-7445-4A0B-AE88-F4F682654513}.Debug|Any CPU.ActiveCfg = Debug|Any CPU
		{4B2221BB-7445-4A0B-AE88-F4F682654513}.Debug|Any CPU.Build.0 = Debug|Any CPU
		{4B2221BB-7445-4A0B-AE88-F4F682654513}.Debug|x64.ActiveCfg = Debug|Any CPU
		{4B2221BB-7445-4A0B-AE88-F4F682654513}.Debug|x64.Build.0 = Debug|Any CPU
		{4B2221BB-7445-4A0B-AE88-F4F682654513}.Debug|x86.ActiveCfg = Debug|Any CPU
		{4B2221BB-7445-4A0B-AE88-F4F682654513}.Debug|x86.Build.0 = Debug|Any CPU
		{4B2221BB-7445-4A0B-AE88-F4F682654513}.Release|Any CPU.ActiveCfg = Release|Any CPU
		{4B2221BB-7445-4A0B-AE88-F4F682654513}.Release|Any CPU.Build.0 = Release|Any CPU
		{4B2221BB-7445-4A0B-AE88-F4F682654513}.Release|x64.ActiveCfg = Release|Any CPU
		{4B2221BB-7445-4A0B-AE88-F4F682654513}.Release|x64.Build.0 = Release|Any CPU
		{4B2221BB-7445-4A0B-AE88-F4F682654513}.Release|x86.ActiveCfg = Release|Any CPU
		{4B2221BB-7445-4A0B-AE88-F4F682654513}.Release|x86.Build.0 = Release|Any CPU
		{A38629E5-7357-49D7-B38F-5043EAF8D613}.Debug|Any CPU.ActiveCfg = Debug|Any CPU
		{A38629E5-7357-49D7-B38F-5043EAF8D613}.Debug|Any CPU.Build.0 = Debug|Any CPU
		{A38629E5-7357-49D7-B38F-5043EAF8D613}.Debug|x64.ActiveCfg = Debug|Any CPU
		{A38629E5-7357-49D7-B38F-5043EAF8D613}.Debug|x64.Build.0 = Debug|Any CPU
		{A38629E5-7357-49D7-B38F-5043EAF8D613}.Debug|x86.ActiveCfg = Debug|Any CPU
		{A38629E5-7357-49D7-B38F-5043EAF8D613}.Debug|x86.Build.0 = Debug|Any CPU
		{A38629E5-7357-49D7-B38F-5043EAF8D613}.Release|Any CPU.ActiveCfg = Release|Any CPU
		{A38629E5-7357-49D7-B38F-5043EAF8D613}.Release|Any CPU.Build.0 = Release|Any CPU
		{A38629E5-7357-49D7-B38F-5043EAF8D613}.Release|x64.ActiveCfg = Release|Any CPU
		{A38629E5-7357-49D7-B38F-5043EAF8D613}.Release|x64.Build.0 = Release|Any CPU
		{A38629E5-7357-49D7-B38F-5043EAF8D613}.Release|x86.ActiveCfg = Release|Any CPU
		{A38629E5-7357-49D7-B38F-5043EAF8D613}.Release|x86.Build.0 = Release|Any CPU
		{BF3A633A-3EC2-4A2E-91BD-E0B9443FF963}.Debug|Any CPU.ActiveCfg = Debug|Any CPU
		{BF3A633A-3EC2-4A2E-91BD-E0B9443FF963}.Debug|Any CPU.Build.0 = Debug|Any CPU
		{BF3A633A-3EC2-4A2E-91BD-E0B9443FF963}.Debug|x64.ActiveCfg = Debug|Any CPU
		{BF3A633A-3EC2-4A2E-91BD-E0B9443FF963}.Debug|x64.Build.0 = Debug|Any CPU
		{BF3A633A-3EC2-4A2E-91BD-E0B9443FF963}.Debug|x86.ActiveCfg = Debug|Any CPU
		{BF3A633A-3EC2-4A2E-91BD-E0B9443FF963}.Debug|x86.Build.0 = Debug|Any CPU
		{BF3A633A-3EC2-4A2E-91BD-E0B9443FF963}.Release|Any CPU.ActiveCfg = Release|Any CPU
		{BF3A633A-3EC2-4A2E-91BD-E0B9443FF963}.Release|Any CPU.Build.0 = Release|Any CPU
		{BF3A633A-3EC2-4A2E-91BD-E0B9443FF963}.Release|x64.ActiveCfg = Release|Any CPU
		{BF3A633A-3EC2-4A2E-91BD-E0B9443FF963}.Release|x64.Build.0 = Release|Any CPU
		{BF3A633A-3EC2-4A2E-91BD-E0B9443FF963}.Release|x86.ActiveCfg = Release|Any CPU
		{BF3A633A-3EC2-4A2E-91BD-E0B9443FF963}.Release|x86.Build.0 = Release|Any CPU
		{F2A3B4C5-D6E7-8901-BCDE-F12345678901}.Debug|Any CPU.ActiveCfg = Debug|Any CPU
		{F2A3B4C5-D6E7-8901-BCDE-F12345678901}.Debug|Any CPU.Build.0 = Debug|Any CPU
		{F2A3B4C5-D6E7-8901-BCDE-F12345678901}.Debug|x64.ActiveCfg = Debug|Any CPU
		{F2A3B4C5-D6E7-8901-BCDE-F12345678901}.Debug|x64.Build.0 = Debug|Any CPU
		{F2A3B4C5-D6E7-8901-BCDE-F12345678901}.Debug|x86.ActiveCfg = Debug|Any CPU
		{F2A3B4C5-D6E7-8901-BCDE-F12345678901}.Debug|x86.Build.0 = Debug|Any CPU
		{F2A3B4C5-D6E7-8901-BCDE-F12345678901}.Release|Any CPU.ActiveCfg = Release|Any CPU
		{F2A3B4C5-D6E7-8901-BCDE-F12345678901}.Release|Any CPU.Build.0 = Release|Any CPU
		{F2A3B4C5-D6E7-8901-BCDE-F12345678901}.Release|x64.ActiveCfg = Release|Any CPU
		{F2A3B4C5-D6E7-8901-BCDE-F12345678901}.Release|x64.Build.0 = Release|Any CPU
		{F2A3B4C5-D6E7-8901-BCDE-F12345678901}.Release|x86.ActiveCfg = Release|Any CPU
		{F2A3B4C5-D6E7-8901-BCDE-F12345678901}.Release|x86.Build.0 = Release|Any CPU
		{A3B4C5D6-E7F8-9012-CDEF-123456789012}.Debug|Any CPU.ActiveCfg = Debug|Any CPU
		{A3B4C5D6-E7F8-9012-CDEF-123456789012}.Debug|Any CPU.Build.0 = Debug|Any CPU
		{A3B4C5D6-E7F8-9012-CDEF-123456789012}.Debug|x64.ActiveCfg = Debug|Any CPU
		{A3B4C5D6-E7F8-9012-CDEF-123456789012}.Debug|x64.Build.0 = Debug|Any CPU
		{A3B4C5D6-E7F8-9012-CDEF-123456789012}.Debug|x86.ActiveCfg = Debug|Any CPU
		{A3B4C5D6-E7F8-9012-CDEF-123456789012}.Debug|x86.Build.0 = Debug|Any CPU
		{A3B4C5D6-E7F8-9012-CDEF-123456789012}.Release|Any CPU.ActiveCfg = Release|Any CPU
		{A3B4C5D6-E7F8-9012-CDEF-123456789012}.Release|Any CPU.Build.0 = Release|Any CPU
		{A3B4C5D6-E7F8-9012-CDEF-123456789012}.Release|x64.ActiveCfg = Release|Any CPU
		{A3B4C5D6-E7F8-9012-CDEF-123456789012}.Release|x64.Build.0 = Release|Any CPU
		{A3B4C5D6-E7F8-9012-CDEF-123456789012}.Release|x86.ActiveCfg = Release|Any CPU
		{A3B4C5D6-E7F8-9012-CDEF-123456789012}.Release|x86.Build.0 = Release|Any CPU
		{B4C5D6E7-F8A9-0123-DEF0-234567890123}.Debug|Any CPU.ActiveCfg = Debug|Any CPU
		{B4C5D6E7-F8A9-0123-DEF0-234567890123}.Debug|Any CPU.Build.0 = Debug|Any CPU
		{B4C5D6E7-F8A9-0123-DEF0-234567890123}.Debug|x64.ActiveCfg = Debug|Any CPU
		{B4C5D6E7-F8A9-0123-DEF0-234567890123}.Debug|x64.Build.0 = Debug|Any CPU
		{B4C5D6E7-F8A9-0123-DEF0-234567890123}.Debug|x86.ActiveCfg = Debug|Any CPU
		{B4C5D6E7-F8A9-0123-DEF0-234567890123}.Debug|x86.Build.0 = Debug|Any CPU
		{B4C5D6E7-F8A9-0123-DEF0-234567890123}.Release|Any CPU.ActiveCfg = Release|Any CPU
		{B4C5D6E7-F8A9-0123-DEF0-234567890123}.Release|Any CPU.Build.0 = Release|Any CPU
		{B4C5D6E7-F8A9-0123-DEF0-234567890123}.Release|x64.ActiveCfg = Release|Any CPU
		{B4C5D6E7-F8A9-0123-DEF0-234567890123}.Release|x64.Build.0 = Release|Any CPU
		{B4C5D6E7-F8A9-0123-DEF0-234567890123}.Release|x86.ActiveCfg = Release|Any CPU
		{B4C5D6E7-F8A9-0123-DEF0-234567890123}.Release|x86.Build.0 = Release|Any CPU
		{C5D6E7F8-A9B0-1234-EF01-345678901234}.Debug|Any CPU.ActiveCfg = Debug|Any CPU
		{C5D6E7F8-A9B0-1234-EF01-345678901234}.Debug|Any CPU.Build.0 = Debug|Any CPU
		{C5D6E7F8-A9B0-1234-EF01-345678901234}.Debug|x64.ActiveCfg = Debug|Any CPU
		{C5D6E7F8-A9B0-1234-EF01-345678901234}.Debug|x64.Build.0 = Debug|Any CPU
		{C5D6E7F8-A9B0-1234-EF01-345678901234}.Debug|x86.ActiveCfg = Debug|Any CPU
		{C5D6E7F8-A9B0-1234-EF01-345678901234}.Debug|x86.Build.0 = Debug|Any CPU
		{C5D6E7F8-A9B0-1234-EF01-345678901234}.Release|Any CPU.ActiveCfg = Release|Any CPU
		{C5D6E7F8-A9B0-1234-EF01-345678901234}.Release|Any CPU.Build.0 = Release|Any CPU
		{C5D6E7F8-A9B0-1234-EF01-345678901234}.Release|x64.ActiveCfg = Release|Any CPU
		{C5D6E7F8-A9B0-1234-EF01-345678901234}.Release|x64.Build.0 = Release|Any CPU
		{C5D6E7F8-A9B0-1234-EF01-345678901234}.Release|x86.ActiveCfg = Release|Any CPU
		{C5D6E7F8-A9B0-1234-EF01-345678901234}.Release|x86.Build.0 = Release|Any CPU
		{45145333-DE67-4289-98CD-D73960A1782B}.Debug|Any CPU.ActiveCfg = Debug|Any CPU
		{45145333-DE67-4289-98CD-D73960A1782B}.Debug|Any CPU.Build.0 = Debug|Any CPU
		{45145333-DE67-4289-98CD-D73960A1782B}.Debug|x64.ActiveCfg = Debug|Any CPU
		{45145333-DE67-4289-98CD-D73960A1782B}.Debug|x64.Build.0 = Debug|Any CPU
		{45145333-DE67-4289-98CD-D73960A1782B}.Debug|x86.ActiveCfg = Debug|Any CPU
		{45145333-DE67-4289-98CD-D73960A1782B}.Debug|x86.Build.0 = Debug|Any CPU
		{45145333-DE67-4289-98CD-D73960A1782B}.Release|Any CPU.ActiveCfg = Release|Any CPU
		{45145333-DE67-4289-98CD-D73960A1782B}.Release|Any CPU.Build.0 = Release|Any CPU
		{45145333-DE67-4289-98CD-D73960A1782B}.Release|x64.ActiveCfg = Release|Any CPU
		{45145333-DE67-4289-98CD-D73960A1782B}.Release|x64.Build.0 = Release|Any CPU
		{45145333-DE67-4289-98CD-D73960A1782B}.Release|x86.ActiveCfg = Release|Any CPU
		{45145333-DE67-4289-98CD-D73960A1782B}.Release|x86.Build.0 = Release|Any CPU
		{3514BCA4-7516-4876-8D23-61130FCD481D}.Debug|Any CPU.ActiveCfg = Debug|Any CPU
		{3514BCA4-7516-4876-8D23-61130FCD481D}.Debug|Any CPU.Build.0 = Debug|Any CPU
		{3514BCA4-7516-4876-8D23-61130FCD481D}.Debug|x64.ActiveCfg = Debug|Any CPU
		{3514BCA4-7516-4876-8D23-61130FCD481D}.Debug|x64.Build.0 = Debug|Any CPU
		{3514BCA4-7516-4876-8D23-61130FCD481D}.Debug|x86.ActiveCfg = Debug|Any CPU
		{3514BCA4-7516-4876-8D23-61130FCD481D}.Debug|x86.Build.0 = Debug|Any CPU
		{3514BCA4-7516-4876-8D23-61130FCD481D}.Release|Any CPU.ActiveCfg = Release|Any CPU
		{3514BCA4-7516-4876-8D23-61130FCD481D}.Release|Any CPU.Build.0 = Release|Any CPU
		{3514BCA4-7516-4876-8D23-61130FCD481D}.Release|x64.ActiveCfg = Release|Any CPU
		{3514BCA4-7516-4876-8D23-61130FCD481D}.Release|x64.Build.0 = Release|Any CPU
		{3514BCA4-7516-4876-8D23-61130FCD481D}.Release|x86.ActiveCfg = Release|Any CPU
		{3514BCA4-7516-4876-8D23-61130FCD481D}.Release|x86.Build.0 = Release|Any CPU
		{4C2137DF-02EA-4AD7-988C-9E914EA4A810}.Debug|Any CPU.ActiveCfg = Debug|Any CPU
		{4C2137DF-02EA-4AD7-988C-9E914EA4A810}.Debug|Any CPU.Build.0 = Debug|Any CPU
		{4C2137DF-02EA-4AD7-988C-9E914EA4A810}.Debug|x64.ActiveCfg = Debug|Any CPU
		{4C2137DF-02EA-4AD7-988C-9E914EA4A810}.Debug|x64.Build.0 = Debug|Any CPU
		{4C2137DF-02EA-4AD7-988C-9E914EA4A810}.Debug|x86.ActiveCfg = Debug|Any CPU
		{4C2137DF-02EA-4AD7-988C-9E914EA4A810}.Debug|x86.Build.0 = Debug|Any CPU
		{4C2137DF-02EA-4AD7-988C-9E914EA4A810}.Release|Any CPU.ActiveCfg = Release|Any CPU
		{4C2137DF-02EA-4AD7-988C-9E914EA4A810}.Release|Any CPU.Build.0 = Release|Any CPU
		{4C2137DF-02EA-4AD7-988C-9E914EA4A810}.Release|x64.ActiveCfg = Release|Any CPU
		{4C2137DF-02EA-4AD7-988C-9E914EA4A810}.Release|x64.Build.0 = Release|Any CPU
		{4C2137DF-02EA-4AD7-988C-9E914EA4A810}.Release|x86.ActiveCfg = Release|Any CPU
		{4C2137DF-02EA-4AD7-988C-9E914EA4A810}.Release|x86.Build.0 = Release|Any CPU
		{E2EB7366-7847-4592-9F29-E62365FD6A60}.Debug|Any CPU.ActiveCfg = Debug|Any CPU
		{E2EB7366-7847-4592-9F29-E62365FD6A60}.Debug|Any CPU.Build.0 = Debug|Any CPU
		{E2EB7366-7847-4592-9F29-E62365FD6A60}.Debug|x64.ActiveCfg = Debug|Any CPU
		{E2EB7366-7847-4592-9F29-E62365FD6A60}.Debug|x64.Build.0 = Debug|Any CPU
		{E2EB7366-7847-4592-9F29-E62365FD6A60}.Debug|x86.ActiveCfg = Debug|Any CPU
		{E2EB7366-7847-4592-9F29-E62365FD6A60}.Debug|x86.Build.0 = Debug|Any CPU
		{E2EB7366-7847-4592-9F29-E62365FD6A60}.Release|Any CPU.ActiveCfg = Release|Any CPU
		{E2EB7366-7847-4592-9F29-E62365FD6A60}.Release|Any CPU.Build.0 = Release|Any CPU
		{E2EB7366-7847-4592-9F29-E62365FD6A60}.Release|x64.ActiveCfg = Release|Any CPU
		{E2EB7366-7847-4592-9F29-E62365FD6A60}.Release|x64.Build.0 = Release|Any CPU
		{E2EB7366-7847-4592-9F29-E62365FD6A60}.Release|x86.ActiveCfg = Release|Any CPU
		{E2EB7366-7847-4592-9F29-E62365FD6A60}.Release|x86.Build.0 = Release|Any CPU
	EndGlobalSection
	GlobalSection(SolutionProperties) = preSolution
		HideSolutionNode = FALSE
	EndGlobalSection
	GlobalSection(NestedProjects) = preSolution
		{B2C3D4E5-F6A7-8901-BCDE-F12345678901} = {A1B2C3D4-E5F6-7890-ABCD-EF1234567890}
		{C3D4E5F6-A7B8-9012-CDEF-123456789012} = {B2C3D4E5-F6A7-8901-BCDE-F12345678901}
		{D4E5F6A7-B8C9-0123-DEF0-234567890123} = {B2C3D4E5-F6A7-8901-BCDE-F12345678901}
		{E5F6A7B8-C9D0-1234-EF01-345678901234} = {B2C3D4E5-F6A7-8901-BCDE-F12345678901}
		{F6A7B8C9-D0E1-2345-F012-456789012345} = {B2C3D4E5-F6A7-8901-BCDE-F12345678901}
		{A7B8C9D0-E1F2-3456-0123-567890123456} = {A1B2C3D4-E5F6-7890-ABCD-EF1234567890}
		{B8C9D0E1-F2A3-4567-1234-678901234567} = {A1B2C3D4-E5F6-7890-ABCD-EF1234567890}
		{0EBBE1F0-1601-D14B-72B2-749AF825F07C} = {B2C3D4E5-F6A7-8901-BCDE-F12345678901}
		{DA41244E-E142-4829-8113-A0C70CD5577E} = {0EBBE1F0-1601-D14B-72B2-749AF825F07C}
		{2E20402F-A152-49A6-937D-D6BF1D00FA19} = {0EBBE1F0-1601-D14B-72B2-749AF825F07C}
		{98CD4485-E6C6-48FE-B7C1-249778594B9A} = {0EBBE1F0-1601-D14B-72B2-749AF825F07C}
		{9F2EC83D-BA77-5B9B-88E7-5B8CA622381D} = {A1B2C3D4-E5F6-7890-ABCD-EF1234567890}
		{03994CE8-3BB3-4287-8744-3E865F0F7EA3} = {0EBBE1F0-1601-D14B-72B2-749AF825F07C}
		{B73CB08B-9262-B12A-E6A8-787A4EA261D8} = {B2C3D4E5-F6A7-8901-BCDE-F12345678901}
		{4BFFE546-9BBE-4C2F-859E-FD42329F2E81} = {B73CB08B-9262-B12A-E6A8-787A4EA261D8}
		{4B2221BB-7445-4A0B-AE88-F4F682654513} = {B73CB08B-9262-B12A-E6A8-787A4EA261D8}
		{A38629E5-7357-49D7-B38F-5043EAF8D613} = {B73CB08B-9262-B12A-E6A8-787A4EA261D8}
		{BF3A633A-3EC2-4A2E-91BD-E0B9443FF963} = {B73CB08B-9262-B12A-E6A8-787A4EA261D8}
		{E1F2A3B4-C5D6-7890-ABCD-EF1234567890} = {B2C3D4E5-F6A7-8901-BCDE-F12345678901}
		{F2A3B4C5-D6E7-8901-BCDE-F12345678901} = {E1F2A3B4-C5D6-7890-ABCD-EF1234567890}
		{A3B4C5D6-E7F8-9012-CDEF-123456789012} = {E1F2A3B4-C5D6-7890-ABCD-EF1234567890}
		{B4C5D6E7-F8A9-0123-DEF0-234567890123} = {E1F2A3B4-C5D6-7890-ABCD-EF1234567890}
		{C5D6E7F8-A9B0-1234-EF01-345678901234} = {E1F2A3B4-C5D6-7890-ABCD-EF1234567890}
		{D934797F-AC47-6FF5-E770-8ED3F4B9A288} = {B2C3D4E5-F6A7-8901-BCDE-F12345678901}
		{45145333-DE67-4289-98CD-D73960A1782B} = {D934797F-AC47-6FF5-E770-8ED3F4B9A288}
		{3514BCA4-7516-4876-8D23-61130FCD481D} = {D934797F-AC47-6FF5-E770-8ED3F4B9A288}
		{4C2137DF-02EA-4AD7-988C-9E914EA4A810} = {D934797F-AC47-6FF5-E770-8ED3F4B9A288}
		{E2EB7366-7847-4592-9F29-E62365FD6A60} = {D934797F-AC47-6FF5-E770-8ED3F4B9A288}
	EndGlobalSection
EndGlobal
