
Microsoft Visual Studio Solution File, Format Version 12.00
# Visual Studio Version 17
VisualStudioVersion = 17.13.35919.96
MinimumVisualStudioVersion = 10.0.40219.1
Project("{FAE04EC0-301F-11D3-BF4B-00C04F79EFBC}") = "CollabSphere.API", "CollabSphere.API\CollabSphere.API.csproj", "{8B62CC36-9B2D-48E7-BA07-ECEF516F4F83}"
EndProject
Project("{FAE04EC0-301F-11D3-BF4B-00C04F79EFBC}") = "CollabSphere.File.API", "CollabSphere.File.API\CollabSphere.File.API.csproj", "{09DDA717-3FD9-4B2B-ADE6-922AF67B21ED}"
EndProject
Global
	GlobalSection(SolutionConfigurationPlatforms) = preSolution
		Debug|Any CPU = Debug|Any CPU
		Release|Any CPU = Release|Any CPU
	EndGlobalSection
	GlobalSection(ProjectConfigurationPlatforms) = postSolution
		{8B62CC36-9B2D-48E7-BA07-ECEF516F4F83}.Debug|Any CPU.ActiveCfg = Debug|Any CPU
		{8B62CC36-9B2D-48E7-BA07-ECEF516F4F83}.Debug|Any CPU.Build.0 = Debug|Any CPU
		{8B62CC36-9B2D-48E7-BA07-ECEF516F4F83}.Release|Any CPU.ActiveCfg = Release|Any CPU
		{8B62CC36-9B2D-48E7-BA07-ECEF516F4F83}.Release|Any CPU.Build.0 = Release|Any CPU
		{09DDA717-3FD9-4B2B-ADE6-922AF67B21ED}.Debug|Any CPU.ActiveCfg = Debug|Any CPU
		{09DDA717-3FD9-4B2B-ADE6-922AF67B21ED}.Debug|Any CPU.Build.0 = Debug|Any CPU
		{09DDA717-3FD9-4B2B-ADE6-922AF67B21ED}.Release|Any CPU.ActiveCfg = Release|Any CPU
		{09DDA717-3FD9-4B2B-ADE6-922AF67B21ED}.Release|Any CPU.Build.0 = Release|Any CPU
	EndGlobalSection
	GlobalSection(SolutionProperties) = preSolution
		HideSolutionNode = FALSE
	EndGlobalSection
	GlobalSection(ExtensibilityGlobals) = postSolution
		SolutionGuid = {0FE9B488-AB55-4988-84A7-6DF7D25B803D}
	EndGlobalSection
EndGlobal
