Microsoft Visual Studio Solution File, Format Version 12.00
# Visual Studio Version 17
VisualStudioVersion = 17.5.2.0
MinimumVisualStudioVersion = 10.0.40219.1
Project("{FAE04EC0-301F-11D3-BF4B-00C04F79EFBC}") = "CollabSphere.API", "CollabSphere.API.csproj", "{99572B59-88E1-D544-7AB7-C879DDBE6164}"
EndProject
Global
	GlobalSection(SolutionConfigurationPlatforms) = preSolution
		Debug|Any CPU = Debug|Any CPU
		Release|Any CPU = Release|Any CPU
	EndGlobalSection
	GlobalSection(ProjectConfigurationPlatforms) = postSolution
		{99572B59-88E1-D544-7AB7-C879DDBE6164}.Debug|Any CPU.ActiveCfg = Debug|Any CPU
		{99572B59-88E1-D544-7AB7-C879DDBE6164}.Debug|Any CPU.Build.0 = Debug|Any CPU
		{99572B59-88E1-D544-7AB7-C879DDBE6164}.Release|Any CPU.ActiveCfg = Release|Any CPU
		{99572B59-88E1-D544-7AB7-C879DDBE6164}.Release|Any CPU.Build.0 = Release|Any CPU
	EndGlobalSection
	GlobalSection(SolutionProperties) = preSolution
		HideSolutionNode = FALSE
	EndGlobalSection
	GlobalSection(ExtensibilityGlobals) = postSolution
		SolutionGuid = {C84D4D5B-8D63-4170-89FC-05F26C6580B0}
	EndGlobalSection
EndGlobal
